
Microsoft Visual Studio Solution File, Format Version 12.00
# Visual Studio 15
VisualStudioVersion = 15.0.28010.2050
MinimumVisualStudioVersion = 10.0.40219.1
Project("{9A19103F-16F7-4668-BE54-9A1E7A4F7556}") = "RequestVerifier", "RequestVerifier\RequestVerifier.csproj", "{5CD955D6-6EC7-4F5A-96FE-8FE49A7757AA}"
EndProject
Project("{FAE04EC0-301F-11D3-BF4B-00C04F79EFBC}") = "Web", "Web\Web.csproj", "{EC52CD32-EF2B-4BF8-820E-646FAB600C78}"
EndProject
Project("{FAE04EC0-301F-11D3-BF4B-00C04F79EFBC}") = "UnitTestProject1", "UnitTestProject1\UnitTestProject1.csproj", "{581B4B96-56FC-46A5-BFFA-45AFD45DE939}"
EndProject
Global
	GlobalSection(SolutionConfigurationPlatforms) = preSolution
		Debug|Any CPU = Debug|Any CPU
		Release|Any CPU = Release|Any CPU
	EndGlobalSection
	GlobalSection(ProjectConfigurationPlatforms) = postSolution
		{5CD955D6-6EC7-4F5A-96FE-8FE49A7757AA}.Debug|Any CPU.ActiveCfg = Debug|Any CPU
		{5CD955D6-6EC7-4F5A-96FE-8FE49A7757AA}.Debug|Any CPU.Build.0 = Debug|Any CPU
		{5CD955D6-6EC7-4F5A-96FE-8FE49A7757AA}.Release|Any CPU.ActiveCfg = Release|Any CPU
		{5CD955D6-6EC7-4F5A-96FE-8FE49A7757AA}.Release|Any CPU.Build.0 = Release|Any CPU
		{EC52CD32-EF2B-4BF8-820E-646FAB600C78}.Debug|Any CPU.ActiveCfg = Debug|Any CPU
		{EC52CD32-EF2B-4BF8-820E-646FAB600C78}.Debug|Any CPU.Build.0 = Debug|Any CPU
		{EC52CD32-EF2B-4BF8-820E-646FAB600C78}.Release|Any CPU.ActiveCfg = Release|Any CPU
		{EC52CD32-EF2B-4BF8-820E-646FAB600C78}.Release|Any CPU.Build.0 = Release|Any CPU
		{581B4B96-56FC-46A5-BFFA-45AFD45DE939}.Debug|Any CPU.ActiveCfg = Debug|Any CPU
		{581B4B96-56FC-46A5-BFFA-45AFD45DE939}.Debug|Any CPU.Build.0 = Debug|Any CPU
		{581B4B96-56FC-46A5-BFFA-45AFD45DE939}.Release|Any CPU.ActiveCfg = Release|Any CPU
		{581B4B96-56FC-46A5-BFFA-45AFD45DE939}.Release|Any CPU.Build.0 = Release|Any CPU
	EndGlobalSection
	GlobalSection(SolutionProperties) = preSolution
		HideSolutionNode = FALSE
	EndGlobalSection
	GlobalSection(ExtensibilityGlobals) = postSolution
		SolutionGuid = {985CFC03-AF62-46BD-BFE5-6E6AF01E6AE8}
	EndGlobalSection
EndGlobal
